
Microsoft Visual Studio Solution File, Format Version 12.00
# Visual Studio Version 17
VisualStudioVersion = 17.7.34031.279
MinimumVisualStudioVersion = 10.0.40219.1
Project("{FAE04EC0-301F-11D3-BF4B-00C04F79EFBC}") = "PIII_Examen_1", "PIII_Examen_1\PIII_Examen_1.csproj", "{376878F6-0E86-42F1-A292-39D0C08EA77A}"
EndProject
Global
	GlobalSection(SolutionConfigurationPlatforms) = preSolution
		Debug|Any CPU = Debug|Any CPU
		Release|Any CPU = Release|Any CPU
	EndGlobalSection
	GlobalSection(ProjectConfigurationPlatforms) = postSolution
		{376878F6-0E86-42F1-A292-39D0C08EA77A}.Debug|Any CPU.ActiveCfg = Debug|Any CPU
		{376878F6-0E86-42F1-A292-39D0C08EA77A}.Debug|Any CPU.Build.0 = Debug|Any CPU
		{376878F6-0E86-42F1-A292-39D0C08EA77A}.Release|Any CPU.ActiveCfg = Release|Any CPU
		{376878F6-0E86-42F1-A292-39D0C08EA77A}.Release|Any CPU.Build.0 = Release|Any CPU
	EndGlobalSection
	GlobalSection(SolutionProperties) = preSolution
		HideSolutionNode = FALSE
	EndGlobalSection
	GlobalSection(ExtensibilityGlobals) = postSolution
		SolutionGuid = {982F3358-3D68-498C-80C9-05F33AE21196}
	EndGlobalSection
EndGlobal
